
Microsoft Visual Studio Solution File, Format Version 12.00
# Visual Studio Version 16
VisualStudioVersion = 16.0.30523.141
MinimumVisualStudioVersion = 10.0.40219.1
Project("{8BC9CEB8-8B4A-11D0-8D11-00A0C91BC942}") = "PE42", "PE42\PE42.vcxproj", "{A82EC15A-55EA-4F2F-942B-1A26292C9044}"
EndProject
Global
	GlobalSection(SolutionConfigurationPlatforms) = preSolution
		Debug|x64 = Debug|x64
		Debug|x86 = Debug|x86
		Release|x64 = Release|x64
		Release|x86 = Release|x86
	EndGlobalSection
	GlobalSection(ProjectConfigurationPlatforms) = postSolution
		{A82EC15A-55EA-4F2F-942B-1A26292C9044}.Debug|x64.ActiveCfg = Debug|x64
		{A82EC15A-55EA-4F2F-942B-1A26292C9044}.Debug|x64.Build.0 = Debug|x64
		{A82EC15A-55EA-4F2F-942B-1A26292C9044}.Debug|x86.ActiveCfg = Debug|Win32
		{A82EC15A-55EA-4F2F-942B-1A26292C9044}.Debug|x86.Build.0 = Debug|Win32
		{A82EC15A-55EA-4F2F-942B-1A26292C9044}.Release|x64.ActiveCfg = Release|x64
		{A82EC15A-55EA-4F2F-942B-1A26292C9044}.Release|x64.Build.0 = Release|x64
		{A82EC15A-55EA-4F2F-942B-1A26292C9044}.Release|x86.ActiveCfg = Release|Win32
		{A82EC15A-55EA-4F2F-942B-1A26292C9044}.Release|x86.Build.0 = Release|Win32
	EndGlobalSection
	GlobalSection(SolutionProperties) = preSolution
		HideSolutionNode = FALSE
	EndGlobalSection
	GlobalSection(ExtensibilityGlobals) = postSolution
		SolutionGuid = {2A730C5C-A22A-441C-AC5F-8E323A555C0F}
	EndGlobalSection
EndGlobal
