
Microsoft Visual Studio Solution File, Format Version 12.00
# Visual Studio Version 16
VisualStudioVersion = 16.0.31205.134
MinimumVisualStudioVersion = 10.0.40219.1
Project("{888888A0-9F3D-457C-B088-3A5042F75D52}") = "PE57Py", "PE57Py\PE57Py.pyproj", "{F7CB1BB0-32C8-4050-B392-76510232C624}"
EndProject
Global
	GlobalSection(SolutionConfigurationPlatforms) = preSolution
		Debug|Any CPU = Debug|Any CPU
		Release|Any CPU = Release|Any CPU
	EndGlobalSection
	GlobalSection(ProjectConfigurationPlatforms) = postSolution
		{F7CB1BB0-32C8-4050-B392-76510232C624}.Debug|Any CPU.ActiveCfg = Debug|Any CPU
		{F7CB1BB0-32C8-4050-B392-76510232C624}.Release|Any CPU.ActiveCfg = Release|Any CPU
	EndGlobalSection
	GlobalSection(SolutionProperties) = preSolution
		HideSolutionNode = FALSE
	EndGlobalSection
	GlobalSection(ExtensibilityGlobals) = postSolution
		SolutionGuid = {F1F74285-9558-4E80-804A-74ED621174BD}
	EndGlobalSection
EndGlobal
