
Microsoft Visual Studio Solution File, Format Version 12.00
# Visual Studio Version 16
VisualStudioVersion = 16.0.29519.181
MinimumVisualStudioVersion = 10.0.40219.1
Project("{8BC9CEB8-8B4A-11D0-8D11-00A0C91BC942}") = "PE17", "PE17\PE17.vcxproj", "{A34BBF87-DA07-4250-BE7D-A1A0EAE5A6F5}"
EndProject
Global
	GlobalSection(SolutionConfigurationPlatforms) = preSolution
		Debug|x64 = Debug|x64
		Debug|x86 = Debug|x86
		Release|x64 = Release|x64
		Release|x86 = Release|x86
	EndGlobalSection
	GlobalSection(ProjectConfigurationPlatforms) = postSolution
		{A34BBF87-DA07-4250-BE7D-A1A0EAE5A6F5}.Debug|x64.ActiveCfg = Debug|x64
		{A34BBF87-DA07-4250-BE7D-A1A0EAE5A6F5}.Debug|x64.Build.0 = Debug|x64
		{A34BBF87-DA07-4250-BE7D-A1A0EAE5A6F5}.Debug|x86.ActiveCfg = Debug|Win32
		{A34BBF87-DA07-4250-BE7D-A1A0EAE5A6F5}.Debug|x86.Build.0 = Debug|Win32
		{A34BBF87-DA07-4250-BE7D-A1A0EAE5A6F5}.Release|x64.ActiveCfg = Release|x64
		{A34BBF87-DA07-4250-BE7D-A1A0EAE5A6F5}.Release|x64.Build.0 = Release|x64
		{A34BBF87-DA07-4250-BE7D-A1A0EAE5A6F5}.Release|x86.ActiveCfg = Release|Win32
		{A34BBF87-DA07-4250-BE7D-A1A0EAE5A6F5}.Release|x86.Build.0 = Release|Win32
	EndGlobalSection
	GlobalSection(SolutionProperties) = preSolution
		HideSolutionNode = FALSE
	EndGlobalSection
	GlobalSection(ExtensibilityGlobals) = postSolution
		SolutionGuid = {2DD124B3-C524-4673-858E-17918B62CF1A}
	EndGlobalSection
EndGlobal
