
Microsoft Visual Studio Solution File, Format Version 12.00
# Visual Studio Version 16
VisualStudioVersion = 16.0.30523.141
MinimumVisualStudioVersion = 10.0.40219.1
Project("{8BC9CEB8-8B4A-11D0-8D11-00A0C91BC942}") = "PE46", "PE46\PE46.vcxproj", "{E6F55422-E963-4A3B-80CC-8C5F24F1327E}"
EndProject
Global
	GlobalSection(SolutionConfigurationPlatforms) = preSolution
		Debug|x64 = Debug|x64
		Debug|x86 = Debug|x86
		Release|x64 = Release|x64
		Release|x86 = Release|x86
	EndGlobalSection
	GlobalSection(ProjectConfigurationPlatforms) = postSolution
		{E6F55422-E963-4A3B-80CC-8C5F24F1327E}.Debug|x64.ActiveCfg = Debug|x64
		{E6F55422-E963-4A3B-80CC-8C5F24F1327E}.Debug|x64.Build.0 = Debug|x64
		{E6F55422-E963-4A3B-80CC-8C5F24F1327E}.Debug|x86.ActiveCfg = Debug|Win32
		{E6F55422-E963-4A3B-80CC-8C5F24F1327E}.Debug|x86.Build.0 = Debug|Win32
		{E6F55422-E963-4A3B-80CC-8C5F24F1327E}.Release|x64.ActiveCfg = Release|x64
		{E6F55422-E963-4A3B-80CC-8C5F24F1327E}.Release|x64.Build.0 = Release|x64
		{E6F55422-E963-4A3B-80CC-8C5F24F1327E}.Release|x86.ActiveCfg = Release|Win32
		{E6F55422-E963-4A3B-80CC-8C5F24F1327E}.Release|x86.Build.0 = Release|Win32
	EndGlobalSection
	GlobalSection(SolutionProperties) = preSolution
		HideSolutionNode = FALSE
	EndGlobalSection
	GlobalSection(ExtensibilityGlobals) = postSolution
		SolutionGuid = {A4D0B133-6B4A-44A0-8ACB-6F002CD93697}
	EndGlobalSection
EndGlobal
